
Microsoft Visual Studio Solution File, Format Version 12.00
# Visual Studio Version 17
VisualStudioVersion = 17.13.35828.75 d17.13
MinimumVisualStudioVersion = 10.0.40219.1
Project("{FAE04EC0-301F-11D3-BF4B-00C04F79EFBC}") = "QuanLySinhVienOracle", "QuanLySinhVienOracle.csproj", "{BAD9DFB6-EB55-45A4-B14D-6C7E8CBFBC3E}"
EndProject
Global
	GlobalSection(SolutionConfigurationPlatforms) = preSolution
		Debug|Any CPU = Debug|Any CPU
		Release|Any CPU = Release|Any CPU
	EndGlobalSection
	GlobalSection(ProjectConfigurationPlatforms) = postSolution
		{BAD9DFB6-EB55-45A4-B14D-6C7E8CBFBC3E}.Debug|Any CPU.ActiveCfg = Debug|Any CPU
		{BAD9DFB6-EB55-45A4-B14D-6C7E8CBFBC3E}.Debug|Any CPU.Build.0 = Debug|Any CPU
		{BAD9DFB6-EB55-45A4-B14D-6C7E8CBFBC3E}.Release|Any CPU.ActiveCfg = Release|Any CPU
		{BAD9DFB6-EB55-45A4-B14D-6C7E8CBFBC3E}.Release|Any CPU.Build.0 = Release|Any CPU
	EndGlobalSection
	GlobalSection(SolutionProperties) = preSolution
		HideSolutionNode = FALSE
	EndGlobalSection
	GlobalSection(ExtensibilityGlobals) = postSolution
		SolutionGuid = {D2BB44BE-4C8E-4C49-817B-4422DAAF6B84}
	EndGlobalSection
EndGlobal
